
Microsoft Visual Studio Solution File, Format Version 12.00
# Visual Studio Version 17
VisualStudioVersion = 17.1.32319.34
MinimumVisualStudioVersion = 10.0.40219.1
Project("{FAE04EC0-301F-11D3-BF4B-00C04F79EFBC}") = "PocketSmith.NET", "PocketSmith.NET\PocketSmith.NET.csproj", "{98FA94F5-57F0-479A-875E-5B7737FEEB44}"
EndProject
Global
	GlobalSection(SolutionConfigurationPlatforms) = preSolution
		Debug|Any CPU = Debug|Any CPU
		Release|Any CPU = Release|Any CPU
	EndGlobalSection
	GlobalSection(ProjectConfigurationPlatforms) = postSolution
		{98FA94F5-57F0-479A-875E-5B7737FEEB44}.Debug|Any CPU.ActiveCfg = Debug|Any CPU
		{98FA94F5-57F0-479A-875E-5B7737FEEB44}.Debug|Any CPU.Build.0 = Debug|Any CPU
		{98FA94F5-57F0-479A-875E-5B7737FEEB44}.Release|Any CPU.ActiveCfg = Release|Any CPU
		{98FA94F5-57F0-479A-875E-5B7737FEEB44}.Release|Any CPU.Build.0 = Release|Any CPU
	EndGlobalSection
	GlobalSection(SolutionProperties) = preSolution
		HideSolutionNode = FALSE
	EndGlobalSection
	GlobalSection(ExtensibilityGlobals) = postSolution
		SolutionGuid = {4D423628-9F40-4D5E-B121-3B08A209B32E}
	EndGlobalSection
EndGlobal
